// !$*UTF8*$!
{
	archiveVersion = 1;
	classes = {
	};
	objectVersion = 56;
	objects = {

/* Begin PBXBuildFile section */
		6C6DF516D000F181A20A6AC0 /* Pods_MyPlaces.framework in Frameworks */ = {isa = PBXBuildFile; fileRef = 4164E9B9AD4D9597FEEEF368 /* Pods_MyPlaces.framework */; };
		AB1FADAF292EB2370027923D /* NewPlaceViewController.swift in Sources */ = {isa = PBXBuildFile; fileRef = AB1FADAE292EB2370027923D /* NewPlaceViewController.swift */; };
		AB4801FB294F9A920069EB1E /* MapManager.swift in Sources */ = {isa = PBXBuildFile; fileRef = AB4801FA294F9A920069EB1E /* MapManager.swift */; };
		AB63D1A2294CEE2100DB4A23 /* MapViewController.swift in Sources */ = {isa = PBXBuildFile; fileRef = AB63D1A1294CEE2100DB4A23 /* MapViewController.swift */; };
		AB701CC9293CA29C00A7C726 /* StorageManager.swift in Sources */ = {isa = PBXBuildFile; fileRef = AB701CC8293CA29C00A7C726 /* StorageManager.swift */; };
		ABBEBAE1293FC01F00468CEF /* RatingControl.swift in Sources */ = {isa = PBXBuildFile; fileRef = ABBEBAE0293FC01F00468CEF /* RatingControl.swift */; };
		ABC128F32922B20400C48FBC /* AppDelegate.swift in Sources */ = {isa = PBXBuildFile; fileRef = ABC128F22922B20400C48FBC /* AppDelegate.swift */; };
		ABC128F52922B20400C48FBC /* SceneDelegate.swift in Sources */ = {isa = PBXBuildFile; fileRef = ABC128F42922B20400C48FBC /* SceneDelegate.swift */; };
		ABC128FA2922B20400C48FBC /* Main.storyboard in Resources */ = {isa = PBXBuildFile; fileRef = ABC128F82922B20400C48FBC /* Main.storyboard */; };
		ABC128FC2922B20400C48FBC /* Assets.xcassets in Resources */ = {isa = PBXBuildFile; fileRef = ABC128FB2922B20400C48FBC /* Assets.xcassets */; };
		ABC128FF2922B20400C48FBC /* LaunchScreen.storyboard in Resources */ = {isa = PBXBuildFile; fileRef = ABC128FD2922B20400C48FBC /* LaunchScreen.storyboard */; };
		ABC129072922B4A700C48FBC /* MainViewController.swift in Sources */ = {isa = PBXBuildFile; fileRef = ABC129062922B4A700C48FBC /* MainViewController.swift */; };
		ABF59899292EA0D000FF9B1C /* CustomTableViewCell.swift in Sources */ = {isa = PBXBuildFile; fileRef = ABF59898292EA0D000FF9B1C /* CustomTableViewCell.swift */; };
		ABF5989B292EA4D600FF9B1C /* PlaceModel.swift in Sources */ = {isa = PBXBuildFile; fileRef = ABF5989A292EA4D600FF9B1C /* PlaceModel.swift */; };
/* End PBXBuildFile section */

/* Begin PBXFileReference section */
		4164E9B9AD4D9597FEEEF368 /* Pods_MyPlaces.framework */ = {isa = PBXFileReference; explicitFileType = wrapper.framework; includeInIndex = 0; path = Pods_MyPlaces.framework; sourceTree = BUILT_PRODUCTS_DIR; };
		7174B7E20D6EFA1FABFBF465 /* Pods-MyPlaces.release.xcconfig */ = {isa = PBXFileReference; includeInIndex = 1; lastKnownFileType = text.xcconfig; name = "Pods-MyPlaces.release.xcconfig"; path = "Target Support Files/Pods-MyPlaces/Pods-MyPlaces.release.xcconfig"; sourceTree = "<group>"; };
		AB1FADAE292EB2370027923D /* NewPlaceViewController.swift */ = {isa = PBXFileReference; lastKnownFileType = sourcecode.swift; path = NewPlaceViewController.swift; sourceTree = "<group>"; };
		AB4801FA294F9A920069EB1E /* MapManager.swift */ = {isa = PBXFileReference; lastKnownFileType = sourcecode.swift; path = MapManager.swift; sourceTree = "<group>"; };
		AB63D1A1294CEE2100DB4A23 /* MapViewController.swift */ = {isa = PBXFileReference; lastKnownFileType = sourcecode.swift; path = MapViewController.swift; sourceTree = "<group>"; };
		AB701CC8293CA29C00A7C726 /* StorageManager.swift */ = {isa = PBXFileReference; lastKnownFileType = sourcecode.swift; path = StorageManager.swift; sourceTree = "<group>"; };
		ABBEBAE0293FC01F00468CEF /* RatingControl.swift */ = {isa = PBXFileReference; lastKnownFileType = sourcecode.swift; path = RatingControl.swift; sourceTree = "<group>"; };
		ABC128EF2922B20400C48FBC /* MyPlaces.app */ = {isa = PBXFileReference; explicitFileType = wrapper.application; includeInIndex = 0; path = MyPlaces.app; sourceTree = BUILT_PRODUCTS_DIR; };
		ABC128F22922B20400C48FBC /* AppDelegate.swift */ = {isa = PBXFileReference; lastKnownFileType = sourcecode.swift; path = AppDelegate.swift; sourceTree = "<group>"; };
		ABC128F42922B20400C48FBC /* SceneDelegate.swift */ = {isa = PBXFileReference; lastKnownFileType = sourcecode.swift; path = SceneDelegate.swift; sourceTree = "<group>"; };
		ABC128F92922B20400C48FBC /* Base */ = {isa = PBXFileReference; lastKnownFileType = file.storyboard; name = Base; path = Base.lproj/Main.storyboard; sourceTree = "<group>"; };
		ABC128FB2922B20400C48FBC /* Assets.xcassets */ = {isa = PBXFileReference; lastKnownFileType = folder.assetcatalog; path = Assets.xcassets; sourceTree = "<group>"; };
		ABC128FE2922B20400C48FBC /* Base */ = {isa = PBXFileReference; lastKnownFileType = file.storyboard; name = Base; path = Base.lproj/LaunchScreen.storyboard; sourceTree = "<group>"; };
		ABC129002922B20400C48FBC /* Info.plist */ = {isa = PBXFileReference; lastKnownFileType = text.plist.xml; path = Info.plist; sourceTree = "<group>"; };
		ABC129062922B4A700C48FBC /* MainViewController.swift */ = {isa = PBXFileReference; lastKnownFileType = sourcecode.swift; path = MainViewController.swift; sourceTree = "<group>"; };
		ABF59898292EA0D000FF9B1C /* CustomTableViewCell.swift */ = {isa = PBXFileReference; lastKnownFileType = sourcecode.swift; path = CustomTableViewCell.swift; sourceTree = "<group>"; };
		ABF5989A292EA4D600FF9B1C /* PlaceModel.swift */ = {isa = PBXFileReference; lastKnownFileType = sourcecode.swift; path = PlaceModel.swift; sourceTree = "<group>"; };
		EB457BAE4849D402D9DED071 /* Pods-MyPlaces.debug.xcconfig */ = {isa = PBXFileReference; includeInIndex = 1; lastKnownFileType = text.xcconfig; name = "Pods-MyPlaces.debug.xcconfig"; path = "Target Support Files/Pods-MyPlaces/Pods-MyPlaces.debug.xcconfig"; sourceTree = "<group>"; };
/* End PBXFileReference section */

/* Begin PBXFrameworksBuildPhase section */
		ABC128EC2922B20300C48FBC /* Frameworks */ = {
			isa = PBXFrameworksBuildPhase;
			buildActionMask = 2147483647;
			files = (
				6C6DF516D000F181A20A6AC0 /* Pods_MyPlaces.framework in Frameworks */,
			);
			runOnlyForDeploymentPostprocessing = 0;
		};
/* End PBXFrameworksBuildPhase section */

/* Begin PBXGroup section */
		83E726D3050D6DE8CA5B0568 /* Pods */ = {
			isa = PBXGroup;
			children = (
				EB457BAE4849D402D9DED071 /* Pods-MyPlaces.debug.xcconfig */,
				7174B7E20D6EFA1FABFBF465 /* Pods-MyPlaces.release.xcconfig */,
			);
			path = Pods;
			sourceTree = "<group>";
		};
		84013B79BD9CF74FD6382F4F /* Frameworks */ = {
			isa = PBXGroup;
			children = (
				4164E9B9AD4D9597FEEEF368 /* Pods_MyPlaces.framework */,
			);
			name = Frameworks;
			sourceTree = "<group>";
		};
		AB4801FC294FAED60069EB1E /* ViewControllers */ = {
			isa = PBXGroup;
			children = (
				AB1FADAE292EB2370027923D /* NewPlaceViewController.swift */,
				AB63D1A1294CEE2100DB4A23 /* MapViewController.swift */,
				ABC129062922B4A700C48FBC /* MainViewController.swift */,
				ABF59898292EA0D000FF9B1C /* CustomTableViewCell.swift */,
			);
			path = ViewControllers;
			sourceTree = "<group>";
		};
		AB4801FD294FAF000069EB1E /* Models */ = {
			isa = PBXGroup;
			children = (
				ABF5989A292EA4D600FF9B1C /* PlaceModel.swift */,
			);
			path = Models;
			sourceTree = "<group>";
		};
		AB4801FE294FAF070069EB1E /* Helpers */ = {
			isa = PBXGroup;
			children = (
				AB4801FA294F9A920069EB1E /* MapManager.swift */,
				AB701CC8293CA29C00A7C726 /* StorageManager.swift */,
				ABBEBAE0293FC01F00468CEF /* RatingControl.swift */,
			);
			path = Helpers;
			sourceTree = "<group>";
		};
		AB4801FF294FAF1B0069EB1E /* SupportFiles */ = {
			isa = PBXGroup;
			children = (
				ABC128F22922B20400C48FBC /* AppDelegate.swift */,
				ABC128FB2922B20400C48FBC /* Assets.xcassets */,
				ABC129002922B20400C48FBC /* Info.plist */,
			);
			path = SupportFiles;
			sourceTree = "<group>";
		};
		AB480200294FAF3D0069EB1E /* IBuilder */ = {
			isa = PBXGroup;
			children = (
				ABC128F82922B20400C48FBC /* Main.storyboard */,
				ABC128F42922B20400C48FBC /* SceneDelegate.swift */,
				ABC128FD2922B20400C48FBC /* LaunchScreen.storyboard */,
			);
			path = IBuilder;
			sourceTree = "<group>";
		};
		ABC128E62922B20300C48FBC = {
			isa = PBXGroup;
			children = (
				ABC128F12922B20400C48FBC /* MyPlaces */,
				ABC128F02922B20400C48FBC /* Products */,
				83E726D3050D6DE8CA5B0568 /* Pods */,
				84013B79BD9CF74FD6382F4F /* Frameworks */,
			);
			sourceTree = "<group>";
		};
		ABC128F02922B20400C48FBC /* Products */ = {
			isa = PBXGroup;
			children = (
				ABC128EF2922B20400C48FBC /* MyPlaces.app */,
			);
			name = Products;
			sourceTree = "<group>";
		};
		ABC128F12922B20400C48FBC /* MyPlaces */ = {
			isa = PBXGroup;
			children = (
				AB4801FC294FAED60069EB1E /* ViewControllers */,
				AB4801FE294FAF070069EB1E /* Helpers */,
				AB4801FD294FAF000069EB1E /* Models */,
				AB4801FF294FAF1B0069EB1E /* SupportFiles */,
				AB480200294FAF3D0069EB1E /* IBuilder */,
			);
			path = MyPlaces;
			sourceTree = "<group>";
		};
/* End PBXGroup section */

/* Begin PBXNativeTarget section */
		ABC128EE2922B20300C48FBC /* MyPlaces */ = {
			isa = PBXNativeTarget;
			buildConfigurationList = ABC129032922B20400C48FBC /* Build configuration list for PBXNativeTarget "MyPlaces" */;
			buildPhases = (
				7312499E3D1864936456749C /* [CP] Check Pods Manifest.lock */,
				ABC128EB2922B20300C48FBC /* Sources */,
				ABC128EC2922B20300C48FBC /* Frameworks */,
				ABC128ED2922B20300C48FBC /* Resources */,
				D91F19EEEE3E7BDBFEC537B4 /* [CP] Embed Pods Frameworks */,
			);
			buildRules = (
			);
			dependencies = (
			);
			name = MyPlaces;
			productName = MyPlaces;
			productReference = ABC128EF2922B20400C48FBC /* MyPlaces.app */;
			productType = "com.apple.product-type.application";
		};
/* End PBXNativeTarget section */

/* Begin PBXProject section */
		ABC128E72922B20300C48FBC /* Project object */ = {
			isa = PBXProject;
			attributes = {
				BuildIndependentTargetsInParallel = 1;
				LastSwiftUpdateCheck = 1400;
				LastUpgradeCheck = 1400;
				TargetAttributes = {
					ABC128EE2922B20300C48FBC = {
						CreatedOnToolsVersion = 14.0.1;
					};
				};
			};
			buildConfigurationList = ABC128EA2922B20300C48FBC /* Build configuration list for PBXProject "MyPlaces" */;
			compatibilityVersion = "Xcode 14.0";
			developmentRegion = en;
			hasScannedForEncodings = 0;
			knownRegions = (
				en,
				Base,
			);
			mainGroup = ABC128E62922B20300C48FBC;
			productRefGroup = ABC128F02922B20400C48FBC /* Products */;
			projectDirPath = "";
			projectRoot = "";
			targets = (
				ABC128EE2922B20300C48FBC /* MyPlaces */,
			);
		};
/* End PBXProject section */

/* Begin PBXResourcesBuildPhase section */
		ABC128ED2922B20300C48FBC /* Resources */ = {
			isa = PBXResourcesBuildPhase;
			buildActionMask = 2147483647;
			files = (
				ABC128FF2922B20400C48FBC /* LaunchScreen.storyboard in Resources */,
				ABC128FC2922B20400C48FBC /* Assets.xcassets in Resources */,
				ABC128FA2922B20400C48FBC /* Main.storyboard in Resources */,
			);
			runOnlyForDeploymentPostprocessing = 0;
		};
/* End PBXResourcesBuildPhase section */

/* Begin PBXShellScriptBuildPhase section */
		7312499E3D1864936456749C /* [CP] Check Pods Manifest.lock */ = {
			isa = PBXShellScriptBuildPhase;
			buildActionMask = 2147483647;
			files = (
			);
			inputFileListPaths = (
			);
			inputPaths = (
				"${PODS_PODFILE_DIR_PATH}/Podfile.lock",
				"${PODS_ROOT}/Manifest.lock",
			);
			name = "[CP] Check Pods Manifest.lock";
			outputFileListPaths = (
			);
			outputPaths = (
				"$(DERIVED_FILE_DIR)/Pods-MyPlaces-checkManifestLockResult.txt",
			);
			runOnlyForDeploymentPostprocessing = 0;
			shellPath = /bin/sh;
			shellScript = "diff \"${PODS_PODFILE_DIR_PATH}/Podfile.lock\" \"${PODS_ROOT}/Manifest.lock\" > /dev/null\nif [ $? != 0 ] ; then\n    # print error to STDERR\n    echo \"error: The sandbox is not in sync with the Podfile.lock. Run 'pod install' or update your CocoaPods installation.\" >&2\n    exit 1\nfi\n# This output is used by Xcode 'outputs' to avoid re-running this script phase.\necho \"SUCCESS\" > \"${SCRIPT_OUTPUT_FILE_0}\"\n";
			showEnvVarsInLog = 0;
		};
		D91F19EEEE3E7BDBFEC537B4 /* [CP] Embed Pods Frameworks */ = {
			isa = PBXShellScriptBuildPhase;
			buildActionMask = 2147483647;
			files = (
			);
			inputFileListPaths = (
				"${PODS_ROOT}/Target Support Files/Pods-MyPlaces/Pods-MyPlaces-frameworks-${CONFIGURATION}-input-files.xcfilelist",
			);
			name = "[CP] Embed Pods Frameworks";
			outputFileListPaths = (
				"${PODS_ROOT}/Target Support Files/Pods-MyPlaces/Pods-MyPlaces-frameworks-${CONFIGURATION}-output-files.xcfilelist",
			);
			runOnlyForDeploymentPostprocessing = 0;
			shellPath = /bin/sh;
			shellScript = "\"${PODS_ROOT}/Target Support Files/Pods-MyPlaces/Pods-MyPlaces-frameworks.sh\"\n";
			showEnvVarsInLog = 0;
		};
/* End PBXShellScriptBuildPhase section */

/* Begin PBXSourcesBuildPhase section */
		ABC128EB2922B20300C48FBC /* Sources */ = {
			isa = PBXSourcesBuildPhase;
			buildActionMask = 2147483647;
			files = (
				ABC129072922B4A700C48FBC /* MainViewController.swift in Sources */,
				AB1FADAF292EB2370027923D /* NewPlaceViewController.swift in Sources */,
				AB63D1A2294CEE2100DB4A23 /* MapViewController.swift in Sources */,
				ABC128F32922B20400C48FBC /* AppDelegate.swift in Sources */,
				AB701CC9293CA29C00A7C726 /* StorageManager.swift in Sources */,
				ABBEBAE1293FC01F00468CEF /* RatingControl.swift in Sources */,
				AB4801FB294F9A920069EB1E /* MapManager.swift in Sources */,
				ABF5989B292EA4D600FF9B1C /* PlaceModel.swift in Sources */,
				ABF59899292EA0D000FF9B1C /* CustomTableViewCell.swift in Sources */,
				ABC128F52922B20400C48FBC /* SceneDelegate.swift in Sources */,
			);
			runOnlyForDeploymentPostprocessing = 0;
		};
/* End PBXSourcesBuildPhase section */

/* Begin PBXVariantGroup section */
		ABC128F82922B20400C48FBC /* Main.storyboard */ = {
			isa = PBXVariantGroup;
			children = (
				ABC128F92922B20400C48FBC /* Base */,
			);
			name = Main.storyboard;
			sourceTree = "<group>";
		};
		ABC128FD2922B20400C48FBC /* LaunchScreen.storyboard */ = {
			isa = PBXVariantGroup;
			children = (
				ABC128FE2922B20400C48FBC /* Base */,
			);
			name = LaunchScreen.storyboard;
			sourceTree = "<group>";
		};
/* End PBXVariantGroup section */

/* Begin XCBuildConfiguration section */
		ABC129012922B20400C48FBC /* Debug */ = {
			isa = XCBuildConfiguration;
			buildSettings = {
				ALWAYS_SEARCH_USER_PATHS = NO;
				CLANG_ANALYZER_NONNULL = YES;
				CLANG_ANALYZER_NUMBER_OBJECT_CONVERSION = YES_AGGRESSIVE;
				CLANG_CXX_LANGUAGE_STANDARD = "gnu++20";
				CLANG_ENABLE_MODULES = YES;
				CLANG_ENABLE_OBJC_ARC = YES;
				CLANG_ENABLE_OBJC_WEAK = YES;
				CLANG_WARN_BLOCK_CAPTURE_AUTORELEASING = YES;
				CLANG_WARN_BOOL_CONVERSION = YES;
				CLANG_WARN_COMMA = YES;
				CLANG_WARN_CONSTANT_CONVERSION = YES;
				CLANG_WARN_DEPRECATED_OBJC_IMPLEMENTATIONS = YES;
				CLANG_WARN_DIRECT_OBJC_ISA_USAGE = YES_ERROR;
				CLANG_WARN_DOCUMENTATION_COMMENTS = YES;
				CLANG_WARN_EMPTY_BODY = YES;
				CLANG_WARN_ENUM_CONVERSION = YES;
				CLANG_WARN_INFINITE_RECURSION = YES;
				CLANG_WARN_INT_CONVERSION = YES;
				CLANG_WARN_NON_LITERAL_NULL_CONVERSION = YES;
				CLANG_WARN_OBJC_IMPLICIT_RETAIN_SELF = YES;
				CLANG_WARN_OBJC_LITERAL_CONVERSION = YES;
				CLANG_WARN_OBJC_ROOT_CLASS = YES_ERROR;
				CLANG_WARN_QUOTED_INCLUDE_IN_FRAMEWORK_HEADER = YES;
				CLANG_WARN_RANGE_LOOP_ANALYSIS = YES;
				CLANG_WARN_STRICT_PROTOTYPES = YES;
				CLANG_WARN_SUSPICIOUS_MOVE = YES;
				CLANG_WARN_UNGUARDED_AVAILABILITY = YES_AGGRESSIVE;
				CLANG_WARN_UNREACHABLE_CODE = YES;
				CLANG_WARN__DUPLICATE_METHOD_MATCH = YES;
				COPY_PHASE_STRIP = NO;
				DEBUG_INFORMATION_FORMAT = dwarf;
				ENABLE_STRICT_OBJC_MSGSEND = YES;
				ENABLE_TESTABILITY = YES;
				GCC_C_LANGUAGE_STANDARD = gnu11;
				GCC_DYNAMIC_NO_PIC = NO;
				GCC_NO_COMMON_BLOCKS = YES;
				GCC_OPTIMIZATION_LEVEL = 0;
				GCC_PREPROCESSOR_DEFINITIONS = (
					"DEBUG=1",
					"$(inherited)",
				);
				GCC_WARN_64_TO_32_BIT_CONVERSION = YES;
				GCC_WARN_ABOUT_RETURN_TYPE = YES_ERROR;
				GCC_WARN_UNDECLARED_SELECTOR = YES;
				GCC_WARN_UNINITIALIZED_AUTOS = YES_AGGRESSIVE;
				GCC_WARN_UNUSED_FUNCTION = YES;
				GCC_WARN_UNUSED_VARIABLE = YES;
				IPHONEOS_DEPLOYMENT_TARGET = 16.0;
				MTL_ENABLE_DEBUG_INFO = INCLUDE_SOURCE;
				MTL_FAST_MATH = YES;
				ONLY_ACTIVE_ARCH = YES;
				SDKROOT = iphoneos;
				SWIFT_ACTIVE_COMPILATION_CONDITIONS = DEBUG;
				SWIFT_OPTIMIZATION_LEVEL = "-Onone";
			};
			name = Debug;
		};
		ABC129022922B20400C48FBC /* Release */ = {
			isa = XCBuildConfiguration;
			buildSettings = {
				ALWAYS_SEARCH_USER_PATHS = NO;
				CLANG_ANALYZER_NONNULL = YES;
				CLANG_ANALYZER_NUMBER_OBJECT_CONVERSION = YES_AGGRESSIVE;
				CLANG_CXX_LANGUAGE_STANDARD = "gnu++20";
				CLANG_ENABLE_MODULES = YES;
				CLANG_ENABLE_OBJC_ARC = YES;
				CLANG_ENABLE_OBJC_WEAK = YES;
				CLANG_WARN_BLOCK_CAPTURE_AUTORELEASING = YES;
				CLANG_WARN_BOOL_CONVERSION = YES;
				CLANG_WARN_COMMA = YES;
				CLANG_WARN_CONSTANT_CONVERSION = YES;
				CLANG_WARN_DEPRECATED_OBJC_IMPLEMENTATIONS = YES;
				CLANG_WARN_DIRECT_OBJC_ISA_USAGE = YES_ERROR;
				CLANG_WARN_DOCUMENTATION_COMMENTS = YES;
				CLANG_WARN_EMPTY_BODY = YES;
				CLANG_WARN_ENUM_CONVERSION = YES;
				CLANG_WARN_INFINITE_RECURSION = YES;
				CLANG_WARN_INT_CONVERSION = YES;
				CLANG_WARN_NON_LITERAL_NULL_CONVERSION = YES;
				CLANG_WARN_OBJC_IMPLICIT_RETAIN_SELF = YES;
				CLANG_WARN_OBJC_LITERAL_CONVERSION = YES;
				CLANG_WARN_OBJC_ROOT_CLASS = YES_ERROR;
				CLANG_WARN_QUOTED_INCLUDE_IN_FRAMEWORK_HEADER = YES;
				CLANG_WARN_RANGE_LOOP_ANALYSIS = YES;
				CLANG_WARN_STRICT_PROTOTYPES = YES;
				CLANG_WARN_SUSPICIOUS_MOVE = YES;
				CLANG_WARN_UNGUARDED_AVAILABILITY = YES_AGGRESSIVE;
				CLANG_WARN_UNREACHABLE_CODE = YES;
				CLANG_WARN__DUPLICATE_METHOD_MATCH = YES;
				COPY_PHASE_STRIP = NO;
				DEBUG_INFORMATION_FORMAT = "dwarf-with-dsym";
				ENABLE_NS_ASSERTIONS = NO;
				ENABLE_STRICT_OBJC_MSGSEND = YES;
				GCC_C_LANGUAGE_STANDARD = gnu11;
				GCC_NO_COMMON_BLOCKS = YES;
				GCC_WARN_64_TO_32_BIT_CONVERSION = YES;
				GCC_WARN_ABOUT_RETURN_TYPE = YES_ERROR;
				GCC_WARN_UNDECLARED_SELECTOR = YES;
				GCC_WARN_UNINITIALIZED_AUTOS = YES_AGGRESSIVE;
				GCC_WARN_UNUSED_FUNCTION = YES;
				GCC_WARN_UNUSED_VARIABLE = YES;
				IPHONEOS_DEPLOYMENT_TARGET = 16.0;
				MTL_ENABLE_DEBUG_INFO = NO;
				MTL_FAST_MATH = YES;
				SDKROOT = iphoneos;
				SWIFT_COMPILATION_MODE = wholemodule;
				SWIFT_OPTIMIZATION_LEVEL = "-O";
				VALIDATE_PRODUCT = YES;
			};
			name = Release;
		};
		ABC129042922B20400C48FBC /* Debug */ = {
			isa = XCBuildConfiguration;
			baseConfigurationReference = EB457BAE4849D402D9DED071 /* Pods-MyPlaces.debug.xcconfig */;
			buildSettings = {
				ASSETCATALOG_COMPILER_APPICON_NAME = AppIcon;
				ASSETCATALOG_COMPILER_GLOBAL_ACCENT_COLOR_NAME = AccentColor;
				CODE_SIGN_STYLE = Automatic;
				CURRENT_PROJECT_VERSION = 1;
				DEVELOPMENT_TEAM = 3N59S33GKB;
				GENERATE_INFOPLIST_FILE = YES;
				INFOPLIST_FILE = MyPlaces/Info.plist;
				INFOPLIST_KEY_UIApplicationSupportsIndirectInputEvents = YES;
				INFOPLIST_KEY_UILaunchStoryboardName = LaunchScreen;
				INFOPLIST_KEY_UIMainStoryboardFile = Main;
				INFOPLIST_KEY_UISupportedInterfaceOrientations_iPad = "UIInterfaceOrientationPortrait UIInterfaceOrientationPortraitUpsideDown UIInterfaceOrientationLandscapeLeft UIInterfaceOrientationLandscapeRight";
				INFOPLIST_KEY_UISupportedInterfaceOrientations_iPhone = "UIInterfaceOrientationPortrait UIInterfaceOrientationLandscapeLeft UIInterfaceOrientationLandscapeRight";
				LD_RUNPATH_SEARCH_PATHS = (
					"$(inherited)",
					"@executable_path/Frameworks",
				);
				MARKETING_VERSION = 1.0;
				PRODUCT_BUNDLE_IDENTIFIER = com.voidgxd.MyPlaces;
				PRODUCT_NAME = "$(TARGET_NAME)";
				SUPPORTED_PLATFORMS = "iphoneos iphonesimulator";
				SUPPORTS_MACCATALYST = NO;
				SUPPORTS_MAC_DESIGNED_FOR_IPHONE_IPAD = NO;
				SWIFT_EMIT_LOC_STRINGS = YES;
				SWIFT_VERSION = 5.0;
				TARGETED_DEVICE_FAMILY = 1;
			};
			name = Debug;
		};
		ABC129052922B20400C48FBC /* Release */ = {
			isa = XCBuildConfiguration;
			baseConfigurationReference = 7174B7E20D6EFA1FABFBF465 /* Pods-MyPlaces.release.xcconfig */;
			buildSettings = {
				ASSETCATALOG_COMPILER_APPICON_NAME = AppIcon;
				ASSETCATALOG_COMPILER_GLOBAL_ACCENT_COLOR_NAME = AccentColor;
				CODE_SIGN_STYLE = Automatic;
				CURRENT_PROJECT_VERSION = 1;
				DEVELOPMENT_TEAM = 3N59S33GKB;
				GENERATE_INFOPLIST_FILE = YES;
				INFOPLIST_FILE = MyPlaces/Info.plist;
				INFOPLIST_KEY_UIApplicationSupportsIndirectInputEvents = YES;
				INFOPLIST_KEY_UILaunchStoryboardName = LaunchScreen;
				INFOPLIST_KEY_UIMainStoryboardFile = Main;
				INFOPLIST_KEY_UISupportedInterfaceOrientations_iPad = "UIInterfaceOrientationPortrait UIInterfaceOrientationPortraitUpsideDown UIInterfaceOrientationLandscapeLeft UIInterfaceOrientationLandscapeRight";
				INFOPLIST_KEY_UISupportedInterfaceOrientations_iPhone = "UIInterfaceOrientationPortrait UIInterfaceOrientationLandscapeLeft UIInterfaceOrientationLandscapeRight";
				LD_RUNPATH_SEARCH_PATHS = (
					"$(inherited)",
					"@executable_path/Frameworks",
				);
				MARKETING_VERSION = 1.0;
				PRODUCT_BUNDLE_IDENTIFIER = com.voidgxd.MyPlaces;
				PRODUCT_NAME = "$(TARGET_NAME)";
				SUPPORTED_PLATFORMS = "iphoneos iphonesimulator";
				SUPPORTS_MACCATALYST = NO;
				SUPPORTS_MAC_DESIGNED_FOR_IPHONE_IPAD = NO;
				SWIFT_EMIT_LOC_STRINGS = YES;
				SWIFT_VERSION = 5.0;
				TARGETED_DEVICE_FAMILY = 1;
			};
			name = Release;
		};
/* End XCBuildConfiguration section */

/* Begin XCConfigurationList section */
		ABC128EA2922B20300C48FBC /* Build configuration list for PBXProject "MyPlaces" */ = {
			isa = XCConfigurationList;
			buildConfigurations = (
				ABC129012922B20400C48FBC /* Debug */,
				ABC129022922B20400C48FBC /* Release */,
			);
			defaultConfigurationIsVisible = 0;
			defaultConfigurationName = Release;
		};
		ABC129032922B20400C48FBC /* Build configuration list for PBXNativeTarget "MyPlaces" */ = {
			isa = XCConfigurationList;
			buildConfigurations = (
				ABC129042922B20400C48FBC /* Debug */,
				ABC129052922B20400C48FBC /* Release */,
			);
			defaultConfigurationIsVisible = 0;
			defaultConfigurationName = Release;
		};
/* End XCConfigurationList section */
	};
	rootObject = ABC128E72922B20300C48FBC /* Project object */;
}
